PODS:
  - Alamofire (3.5.1)
  - AlamofireImage (2.5.0):
    - Alamofire (~> 3.5)
  - ionicons (2.0.3)
  - Locksmith (2.0.8)
  - Realm (2.1.0):
    - Realm/Headers (= 2.1.0)
  - Realm/Headers (2.1.0)
  - RealmSwift (2.1.0):
    - Realm (= 2.1.0)
  - SwiftyJSON (2.3.3)

DEPENDENCIES:
  - Alamofire (~> 3.5.0)
  - AlamofireImage (~> 2.0)
  - ionicons
  - Locksmith (~> 2.0.8)
  - RealmSwift
  - SwiftyJSON (~> 2.3.2)

SPEC CHECKSUMS:
  Alamofire: 0dfba1184a543e2aa160f4e39cac4e8aba48d223
  AlamofireImage: 2d34936e5201270bb17a316a786e90e83b4a249d
  ionicons: ec1e86e6c3316bd9942a7f024080dd75c70dd6a5
  Locksmith: a8ed41ac4c06506ea8cb199d8ec8a8d3d108eb2a
  Realm: bc829ad0ef3d4eea70c34cfcc3b1704d18d50df1
  RealmSwift: a4d4abbf0088c337cab5b738054395842e4b3052
  SwiftyJSON: 0fd0a115a3c0c09b277d2ab801df154902b942c3

PODFILE CHECKSUM: 887ebc459cf277bd76b20538ea660fc69c6c2615

COCOAPODS: 1.1.1
